
Microsoft Visual Studio Solution File, Format Version 12.00
# Visual Studio Version 17
VisualStudioVersion = 17.0.32126.317
MinimumVisualStudioVersion = 10.0.40219.1
Project("{FAE04EC0-301F-11D3-BF4B-00C04F79EFBC}") = "WebApiEstadios", "WebApiEstadios\WebApiEstadios.csproj", "{9A4D393D-172D-4548-91A2-8C23F83FFF81}"
EndProject
Global
	GlobalSection(SolutionConfigurationPlatforms) = preSolution
		Debug|Any CPU = Debug|Any CPU
		Release|Any CPU = Release|Any CPU
	EndGlobalSection
	GlobalSection(ProjectConfigurationPlatforms) = postSolution
		{9A4D393D-172D-4548-91A2-8C23F83FFF81}.Debug|Any CPU.ActiveCfg = Debug|Any CPU
		{9A4D393D-172D-4548-91A2-8C23F83FFF81}.Debug|Any CPU.Build.0 = Debug|Any CPU
		{9A4D393D-172D-4548-91A2-8C23F83FFF81}.Release|Any CPU.ActiveCfg = Release|Any CPU
		{9A4D393D-172D-4548-91A2-8C23F83FFF81}.Release|Any CPU.Build.0 = Release|Any CPU
	EndGlobalSection
	GlobalSection(SolutionProperties) = preSolution
		HideSolutionNode = FALSE
	EndGlobalSection
	GlobalSection(ExtensibilityGlobals) = postSolution
		SolutionGuid = {52100338-4B82-433A-8177-698747E38ECE}
	EndGlobalSection
EndGlobal
